// !$*UTF8*$!
{
	archiveVersion = 1;
	classes = {
	};
	objectVersion = 46;
	objects = {

/* Begin PBXBuildFile section */
		6F7F822E1AEE26F70033B834 /* FileFactory.swift in Sources */ = {isa = PBXBuildFile; fileRef = 6F7F822D1AEE26F70033B834 /* FileFactory.swift */; };
		6F7F82301AEE906B0033B834 /* myXMLParserDelegate.swift in Sources */ = {isa = PBXBuildFile; fileRef = 6F7F822F1AEE906B0033B834 /* myXMLParserDelegate.swift */; };
		6F7F82311AEE906B0033B834 /* myXMLParserDelegate.swift in Sources */ = {isa = PBXBuildFile; fileRef = 6F7F822F1AEE906B0033B834 /* myXMLParserDelegate.swift */; };
		6FEADC141AE91DE700469EEC /* Launcher.swift in Sources */ = {isa = PBXBuildFile; fileRef = 6FEADC131AE91DE700469EEC /* Launcher.swift */; };
		6FEADC151AE91DE700469EEC /* Launcher.swift in Sources */ = {isa = PBXBuildFile; fileRef = 6FEADC131AE91DE700469EEC /* Launcher.swift */; };
		AD0C13511AEE450E008ACF09 /* FileFactory.swift in Sources */ = {isa = PBXBuildFile; fileRef = 6F7F822D1AEE26F70033B834 /* FileFactory.swift */; };
		AD137A401AEF7402001B9D3B /* SoftwareManager.swift in Sources */ = {isa = PBXBuildFile; fileRef = AD137A3F1AEF7402001B9D3B /* SoftwareManager.swift */; };
		AD137A411AEF7402001B9D3B /* SoftwareManager.swift in Sources */ = {isa = PBXBuildFile; fileRef = AD137A3F1AEF7402001B9D3B /* SoftwareManager.swift */; };
		AD137A431AEF8C0C001B9D3B /* FileTXT.swift in Sources */ = {isa = PBXBuildFile; fileRef = AD137A421AEF8C0C001B9D3B /* FileTXT.swift */; };
		AD137A441AEF8C0C001B9D3B /* FileTXT.swift in Sources */ = {isa = PBXBuildFile; fileRef = AD137A421AEF8C0C001B9D3B /* FileTXT.swift */; };
		AD40E1A41AF8F77B00DBFFF0 /* SoftwareViewController.swift in Sources */ = {isa = PBXBuildFile; fileRef = AD40E1A31AF8F77B00DBFFF0 /* SoftwareViewController.swift */; };
		AD40E1A51AF8F77B00DBFFF0 /* SoftwareViewController.swift in Sources */ = {isa = PBXBuildFile; fileRef = AD40E1A31AF8F77B00DBFFF0 /* SoftwareViewController.swift */; };
		AD7ADBB11AF8AC610006E9C0 /* ways.txt in Resources */ = {isa = PBXBuildFile; fileRef = AD7ADBB01AF8AC610006E9C0 /* ways.txt */; };
		AD7ADBB21AF8AC610006E9C0 /* ways.txt in Resources */ = {isa = PBXBuildFile; fileRef = AD7ADBB01AF8AC610006E9C0 /* ways.txt */; };
		ADA2794E1AE7CC01005D8F88 /* AppDelegate.swift in Sources */ = {isa = PBXBuildFile; fileRef = ADA2794D1AE7CC01005D8F88 /* AppDelegate.swift */; };
		ADA279521AE7CC01005D8F88 /* Images.xcassets in Resources */ = {isa = PBXBuildFile; fileRef = ADA279511AE7CC01005D8F88 /* Images.xcassets */; };
		ADA279551AE7CC01005D8F88 /* Main.storyboard in Resources */ = {isa = PBXBuildFile; fileRef = ADA279531AE7CC01005D8F88 /* Main.storyboard */; };
		ADA279611AE7CC01005D8F88 /* KeyExtractorTests.swift in Sources */ = {isa = PBXBuildFile; fileRef = ADA279601AE7CC01005D8F88 /* KeyExtractorTests.swift */; };
		ADA740871AEA1F0700966518 /* File.swift in Sources */ = {isa = PBXBuildFile; fileRef = ADA740801AEA1F0700966518 /* File.swift */; };
		ADA740881AEA1F0700966518 /* File.swift in Sources */ = {isa = PBXBuildFile; fileRef = ADA740801AEA1F0700966518 /* File.swift */; };
		ADA740891AEA1F0700966518 /* FilePlist.swift in Sources */ = {isa = PBXBuildFile; fileRef = ADA740811AEA1F0700966518 /* FilePlist.swift */; };
		ADA7408A1AEA1F0700966518 /* FilePlist.swift in Sources */ = {isa = PBXBuildFile; fileRef = ADA740811AEA1F0700966518 /* FilePlist.swift */; };
		ADA7408B1AEA1F0700966518 /* FileXML.swift in Sources */ = {isa = PBXBuildFile; fileRef = ADA740821AEA1F0700966518 /* FileXML.swift */; };
		ADA7408C1AEA1F0700966518 /* FileXML.swift in Sources */ = {isa = PBXBuildFile; fileRef = ADA740821AEA1F0700966518 /* FileXML.swift */; };
		ADA7408D1AEA1F0700966518 /* Software.swift in Sources */ = {isa = PBXBuildFile; fileRef = ADA740831AEA1F0700966518 /* Software.swift */; };
		ADA7408E1AEA1F0700966518 /* Software.swift in Sources */ = {isa = PBXBuildFile; fileRef = ADA740831AEA1F0700966518 /* Software.swift */; };
		ADA7408F1AEA1F0700966518 /* SoftwareKey.swift in Sources */ = {isa = PBXBuildFile; fileRef = ADA740841AEA1F0700966518 /* SoftwareKey.swift */; };
		ADA740901AEA1F0700966518 /* SoftwareKey.swift in Sources */ = {isa = PBXBuildFile; fileRef = ADA740841AEA1F0700966518 /* SoftwareKey.swift */; };
		ADA7409C1AEA1F2100966518 /* Logger.swift in Sources */ = {isa = PBXBuildFile; fileRef = ADA740951AEA1F2100966518 /* Logger.swift */; };
		ADA7409D1AEA1F2100966518 /* Logger.swift in Sources */ = {isa = PBXBuildFile; fileRef = ADA740951AEA1F2100966518 /* Logger.swift */; };
		ADA740A01AEA1F2100966518 /* ViewController.swift in Sources */ = {isa = PBXBuildFile; fileRef = ADA740991AEA1F2100966518 /* ViewController.swift */; };
		ADA740A11AEA1F2100966518 /* ViewController.swift in Sources */ = {isa = PBXBuildFile; fileRef = ADA740991AEA1F2100966518 /* ViewController.swift */; };
		ADA740A31AEA4CC200966518 /* Info.plist in Resources */ = {isa = PBXBuildFile; fileRef = ADA740A21AEA4CC200966518 /* Info.plist */; };
		ADA740A41AEA4CC200966518 /* Info.plist in Resources */ = {isa = PBXBuildFile; fileRef = ADA740A21AEA4CC200966518 /* Info.plist */; };
/* End PBXBuildFile section */

/* Begin PBXContainerItemProxy section */
		ADA2795B1AE7CC01005D8F88 /* PBXContainerItemProxy */ = {
			isa = PBXContainerItemProxy;
			containerPortal = ADA279401AE7CC01005D8F88 /* Project object */;
			proxyType = 1;
			remoteGlobalIDString = ADA279471AE7CC01005D8F88;
			remoteInfo = KeyExtractor;
		};
/* End PBXContainerItemProxy section */

/* Begin PBXFileReference section */
		6F7F822D1AEE26F70033B834 /* FileFactory.swift */ = {isa = PBXFileReference; fileEncoding = 4; lastKnownFileType = sourcecode.swift; path = FileFactory.swift; sourceTree = "<group>"; };
		6F7F822F1AEE906B0033B834 /* myXMLParserDelegate.swift */ = {isa = PBXFileReference; fileEncoding = 4; lastKnownFileType = sourcecode.swift; path = myXMLParserDelegate.swift; sourceTree = "<group>"; };
		6FEADC131AE91DE700469EEC /* Launcher.swift */ = {isa = PBXFileReference; fileEncoding = 4; lastKnownFileType = sourcecode.swift; path = Launcher.swift; sourceTree = "<group>"; };
		AD137A3F1AEF7402001B9D3B /* SoftwareManager.swift */ = {isa = PBXFileReference; fileEncoding = 4; lastKnownFileType = sourcecode.swift; path = SoftwareManager.swift; sourceTree = "<group>"; };
		AD137A421AEF8C0C001B9D3B /* FileTXT.swift */ = {isa = PBXFileReference; fileEncoding = 4; lastKnownFileType = sourcecode.swift; path = FileTXT.swift; sourceTree = "<group>"; };
		AD40E1A31AF8F77B00DBFFF0 /* SoftwareViewController.swift */ = {isa = PBXFileReference; fileEncoding = 4; lastKnownFileType = sourcecode.swift; path = SoftwareViewController.swift; sourceTree = "<group>"; };
		AD7ADBB01AF8AC610006E9C0 /* ways.txt */ = {isa = PBXFileReference; fileEncoding = 4; lastKnownFileType = text; name = ways.txt; path = KeyExtractor/ways.txt; sourceTree = "<group>"; };
		ADA279481AE7CC01005D8F88 /* KeyExtractor.app */ = {isa = PBXFileReference; explicitFileType = wrapper.application; includeInIndex = 0; path = KeyExtractor.app; sourceTree = BUILT_PRODUCTS_DIR; };
		ADA2794D1AE7CC01005D8F88 /* AppDelegate.swift */ = {isa = PBXFileReference; lastKnownFileType = sourcecode.swift; path = AppDelegate.swift; sourceTree = "<group>"; };
		ADA279511AE7CC01005D8F88 /* Images.xcassets */ = {isa = PBXFileReference; lastKnownFileType = folder.assetcatalog; path = Images.xcassets; sourceTree = "<group>"; };
		ADA279541AE7CC01005D8F88 /* Base */ = {isa = PBXFileReference; lastKnownFileType = file.storyboard; name = Base; path = Base.lproj/Main.storyboard; sourceTree = "<group>"; };
		ADA2795A1AE7CC01005D8F88 /* KeyExtractorTests.xctest */ = {isa = PBXFileReference; explicitFileType = wrapper.cfbundle; includeInIndex = 0; path = KeyExtractorTests.xctest; sourceTree = BUILT_PRODUCTS_DIR; };
		ADA2795F1AE7CC01005D8F88 /* Info.plist */ = {isa = PBXFileReference; lastKnownFileType = text.plist.xml; path = Info.plist; sourceTree = "<group>"; };
		ADA279601AE7CC01005D8F88 /* KeyExtractorTests.swift */ = {isa = PBXFileReference; lastKnownFileType = sourcecode.swift; path = KeyExtractorTests.swift; sourceTree = "<group>"; };
		ADA740801AEA1F0700966518 /* File.swift */ = {isa = PBXFileReference; fileEncoding = 4; lastKnownFileType = sourcecode.swift; path = File.swift; sourceTree = "<group>"; };
		ADA740811AEA1F0700966518 /* FilePlist.swift */ = {isa = PBXFileReference; fileEncoding = 4; lastKnownFileType = sourcecode.swift; path = FilePlist.swift; sourceTree = "<group>"; };
		ADA740821AEA1F0700966518 /* FileXML.swift */ = {isa = PBXFileReference; fileEncoding = 4; lastKnownFileType = sourcecode.swift; path = FileXML.swift; sourceTree = "<group>"; };
		ADA740831AEA1F0700966518 /* Software.swift */ = {isa = PBXFileReference; fileEncoding = 4; lastKnownFileType = sourcecode.swift; path = Software.swift; sourceTree = "<group>"; };
		ADA740841AEA1F0700966518 /* SoftwareKey.swift */ = {isa = PBXFileReference; fileEncoding = 4; lastKnownFileType = sourcecode.swift; path = SoftwareKey.swift; sourceTree = "<group>"; };
		ADA740951AEA1F2100966518 /* Logger.swift */ = {isa = PBXFileReference; fileEncoding = 4; lastKnownFileType = sourcecode.swift; path = Logger.swift; sourceTree = "<group>"; };
		ADA740991AEA1F2100966518 /* ViewController.swift */ = {isa = PBXFileReference; fileEncoding = 4; lastKnownFileType = sourcecode.swift; path = ViewController.swift; sourceTree = "<group>"; };
		ADA740A21AEA4CC200966518 /* Info.plist */ = {isa = PBXFileReference; fileEncoding = 4; lastKnownFileType = text.plist.xml; name = Info.plist; path = KeyExtractor/Info.plist; sourceTree = SOURCE_ROOT; };
/* End PBXFileReference section */

/* Begin PBXFrameworksBuildPhase section */
		ADA279451AE7CC01005D8F88 /* Frameworks */ = {
			isa = PBXFrameworksBuildPhase;
			buildActionMask = 2147483647;
			files = (
			);
			runOnlyForDeploymentPostprocessing = 0;
		};
		ADA279571AE7CC01005D8F88 /* Frameworks */ = {
			isa = PBXFrameworksBuildPhase;
			buildActionMask = 2147483647;
			files = (
			);
			runOnlyForDeploymentPostprocessing = 0;
		};
/* End PBXFrameworksBuildPhase section */

/* Begin PBXGroup section */
		6FEADC191AE9226000469EEC /* Configuration */ = {
			isa = PBXGroup;
			children = (
			);
			name = Configuration;
			sourceTree = "<group>";
		};
		ADA2793F1AE7CC01005D8F88 = {
			isa = PBXGroup;
			children = (
				ADA2794A1AE7CC01005D8F88 /* KeyExtractor */,
				AD7ADBB01AF8AC610006E9C0 /* ways.txt */,
				ADA2795D1AE7CC01005D8F88 /* KeyExtractorTests */,
				ADA279491AE7CC01005D8F88 /* Products */,
			);
			sourceTree = "<group>";
		};
		ADA279491AE7CC01005D8F88 /* Products */ = {
			isa = PBXGroup;
			children = (
				ADA279481AE7CC01005D8F88 /* KeyExtractor.app */,
				ADA2795A1AE7CC01005D8F88 /* KeyExtractorTests.xctest */,
			);
			name = Products;
			sourceTree = "<group>";
		};
		ADA2794A1AE7CC01005D8F88 /* KeyExtractor */ = {
			isa = PBXGroup;
			children = (
				ADA740931AEA1F2100966518 /* Communication */,
				ADA740961AEA1F2100966518 /* Supporting Files */,
				ADA740981AEA1F2100966518 /* UserInterface */,
				ADA7407E1AEA1F0700966518 /* BusinessLogic */,
				6FEADC191AE9226000469EEC /* Configuration */,
				ADA2794D1AE7CC01005D8F88 /* AppDelegate.swift */,
				6FEADC131AE91DE700469EEC /* Launcher.swift */,
				ADA279511AE7CC01005D8F88 /* Images.xcassets */,
			);
			path = KeyExtractor;
			sourceTree = "<group>";
		};
		ADA2795D1AE7CC01005D8F88 /* KeyExtractorTests */ = {
			isa = PBXGroup;
			children = (
				ADA279601AE7CC01005D8F88 /* KeyExtractorTests.swift */,
				ADA2795E1AE7CC01005D8F88 /* Supporting Files */,
			);
			path = KeyExtractorTests;
			sourceTree = "<group>";
		};
		ADA2795E1AE7CC01005D8F88 /* Supporting Files */ = {
			isa = PBXGroup;
			children = (
				ADA2795F1AE7CC01005D8F88 /* Info.plist */,
			);
			name = "Supporting Files";
			sourceTree = "<group>";
		};
		ADA7407E1AEA1F0700966518 /* BusinessLogic */ = {
			isa = PBXGroup;
			children = (
				ADA7407F1AEA1F0700966518 /* DataClasses */,
				ADA740851AEA1F0700966518 /* TechnicalClasses */,
			);
			path = BusinessLogic;
			sourceTree = "<group>";
		};
		ADA7407F1AEA1F0700966518 /* DataClasses */ = {
			isa = PBXGroup;
			children = (
				ADA740801AEA1F0700966518 /* File.swift */,
				ADA740811AEA1F0700966518 /* FilePlist.swift */,
				ADA740821AEA1F0700966518 /* FileXML.swift */,
				AD137A421AEF8C0C001B9D3B /* FileTXT.swift */,
				ADA740831AEA1F0700966518 /* Software.swift */,
				ADA740841AEA1F0700966518 /* SoftwareKey.swift */,
			);
			path = DataClasses;
			sourceTree = "<group>";
		};
		ADA740851AEA1F0700966518 /* TechnicalClasses */ = {
			isa = PBXGroup;
			children = (
				6F7F822D1AEE26F70033B834 /* FileFactory.swift */,
				6F7F822F1AEE906B0033B834 /* myXMLParserDelegate.swift */,
				AD137A3F1AEF7402001B9D3B /* SoftwareManager.swift */,
			);
			path = TechnicalClasses;
			sourceTree = "<group>";
		};
		ADA740931AEA1F2100966518 /* Communication */ = {
			isa = PBXGroup;
			children = (
				ADA740951AEA1F2100966518 /* Logger.swift */,
			);
			path = Communication;
			sourceTree = "<group>";
		};
		ADA740961AEA1F2100966518 /* Supporting Files */ = {
			isa = PBXGroup;
			children = (
				ADA740A21AEA4CC200966518 /* Info.plist */,
			);
			path = "Supporting Files";
			sourceTree = "<group>";
		};
		ADA740981AEA1F2100966518 /* UserInterface */ = {
			isa = PBXGroup;
			children = (
				ADA740991AEA1F2100966518 /* ViewController.swift */,
				ADA279531AE7CC01005D8F88 /* Main.storyboard */,
				AD40E1A31AF8F77B00DBFFF0 /* SoftwareViewController.swift */,
			);
			path = UserInterface;
			sourceTree = "<group>";
		};
/* End PBXGroup section */

/* Begin PBXNativeTarget section */
		ADA279471AE7CC01005D8F88 /* KeyExtractor */ = {
			isa = PBXNativeTarget;
			buildConfigurationList = ADA279641AE7CC01005D8F88 /* Build configuration list for PBXNativeTarget "KeyExtractor" */;
			buildPhases = (
				ADA279441AE7CC01005D8F88 /* Sources */,
				ADA279451AE7CC01005D8F88 /* Frameworks */,
				ADA279461AE7CC01005D8F88 /* Resources */,
			);
			buildRules = (
			);
			dependencies = (
			);
			name = KeyExtractor;
			productName = KeyExtractor;
			productReference = ADA279481AE7CC01005D8F88 /* KeyExtractor.app */;
			productType = "com.apple.product-type.application";
		};
		ADA279591AE7CC01005D8F88 /* KeyExtractorTests */ = {
			isa = PBXNativeTarget;
			buildConfigurationList = ADA279671AE7CC01005D8F88 /* Build configuration list for PBXNativeTarget "KeyExtractorTests" */;
			buildPhases = (
				ADA279561AE7CC01005D8F88 /* Sources */,
				ADA279571AE7CC01005D8F88 /* Frameworks */,
				ADA279581AE7CC01005D8F88 /* Resources */,
			);
			buildRules = (
			);
			dependencies = (
				ADA2795C1AE7CC01005D8F88 /* PBXTargetDependency */,
			);
			name = KeyExtractorTests;
			productName = KeyExtractorTests;
			productReference = ADA2795A1AE7CC01005D8F88 /* KeyExtractorTests.xctest */;
			productType = "com.apple.product-type.bundle.unit-test";
		};
/* End PBXNativeTarget section */

/* Begin PBXProject section */
		ADA279401AE7CC01005D8F88 /* Project object */ = {
			isa = PBXProject;
			attributes = {
				LastUpgradeCheck = 0630;
				ORGANIZATIONNAME = "polytech-RE";
				TargetAttributes = {
					ADA279471AE7CC01005D8F88 = {
						CreatedOnToolsVersion = 6.3;
					};
					ADA279591AE7CC01005D8F88 = {
						CreatedOnToolsVersion = 6.3;
						TestTargetID = ADA279471AE7CC01005D8F88;
					};
				};
			};
			buildConfigurationList = ADA279431AE7CC01005D8F88 /* Build configuration list for PBXProject "KeyExtractor" */;
			compatibilityVersion = "Xcode 3.2";
			developmentRegion = English;
			hasScannedForEncodings = 0;
			knownRegions = (
				en,
				Base,
			);
			mainGroup = ADA2793F1AE7CC01005D8F88;
			productRefGroup = ADA279491AE7CC01005D8F88 /* Products */;
			projectDirPath = "";
			projectRoot = "";
			targets = (
				ADA279471AE7CC01005D8F88 /* KeyExtractor */,
				ADA279591AE7CC01005D8F88 /* KeyExtractorTests */,
			);
		};
/* End PBXProject section */

/* Begin PBXResourcesBuildPhase section */
		ADA279461AE7CC01005D8F88 /* Resources */ = {
			isa = PBXResourcesBuildPhase;
			buildActionMask = 2147483647;
			files = (
				ADA279521AE7CC01005D8F88 /* Images.xcassets in Resources */,
				ADA279551AE7CC01005D8F88 /* Main.storyboard in Resources */,
				AD7ADBB11AF8AC610006E9C0 /* ways.txt in Resources */,
				ADA740A31AEA4CC200966518 /* Info.plist in Resources */,
			);
			runOnlyForDeploymentPostprocessing = 0;
		};
		ADA279581AE7CC01005D8F88 /* Resources */ = {
			isa = PBXResourcesBuildPhase;
			buildActionMask = 2147483647;
			files = (
				AD7ADBB21AF8AC610006E9C0 /* ways.txt in Resources */,
				ADA740A41AEA4CC200966518 /* Info.plist in Resources */,
			);
			runOnlyForDeploymentPostprocessing = 0;
		};
/* End PBXResourcesBuildPhase section */

/* Begin PBXSourcesBuildPhase section */
		ADA279441AE7CC01005D8F88 /* Sources */ = {
			isa = PBXSourcesBuildPhase;
			buildActionMask = 2147483647;
			files = (
				ADA740891AEA1F0700966518 /* FilePlist.swift in Sources */,
				ADA7408D1AEA1F0700966518 /* Software.swift in Sources */,
				ADA740A01AEA1F2100966518 /* ViewController.swift in Sources */,
				AD40E1A41AF8F77B00DBFFF0 /* SoftwareViewController.swift in Sources */,
				ADA7408B1AEA1F0700966518 /* FileXML.swift in Sources */,
				AD137A431AEF8C0C001B9D3B /* FileTXT.swift in Sources */,
				ADA7408F1AEA1F0700966518 /* SoftwareKey.swift in Sources */,
				ADA740871AEA1F0700966518 /* File.swift in Sources */,
				ADA2794E1AE7CC01005D8F88 /* AppDelegate.swift in Sources */,
				ADA7409C1AEA1F2100966518 /* Logger.swift in Sources */,
				AD137A401AEF7402001B9D3B /* SoftwareManager.swift in Sources */,
				6F7F82301AEE906B0033B834 /* myXMLParserDelegate.swift in Sources */,
				6F7F822E1AEE26F70033B834 /* FileFactory.swift in Sources */,
				6FEADC141AE91DE700469EEC /* Launcher.swift in Sources */,
			);
			runOnlyForDeploymentPostprocessing = 0;
		};
		ADA279561AE7CC01005D8F88 /* Sources */ = {
			isa = PBXSourcesBuildPhase;
			buildActionMask = 2147483647;
			files = (
				ADA7408E1AEA1F0700966518 /* Software.swift in Sources */,
				6FEADC151AE91DE700469EEC /* Launcher.swift in Sources */,
				ADA7408A1AEA1F0700966518 /* FilePlist.swift in Sources */,
				AD40E1A51AF8F77B00DBFFF0 /* SoftwareViewController.swift in Sources */,
				ADA279611AE7CC01005D8F88 /* KeyExtractorTests.swift in Sources */,
				AD137A441AEF8C0C001B9D3B /* FileTXT.swift in Sources */,
				ADA7409D1AEA1F2100966518 /* Logger.swift in Sources */,
				ADA740A11AEA1F2100966518 /* ViewController.swift in Sources */,
				6F7F82311AEE906B0033B834 /* myXMLParserDelegate.swift in Sources */,
				AD137A411AEF7402001B9D3B /* SoftwareManager.swift in Sources */,
				ADA740901AEA1F0700966518 /* SoftwareKey.swift in Sources */,
				AD0C13511AEE450E008ACF09 /* FileFactory.swift in Sources */,
				ADA740881AEA1F0700966518 /* File.swift in Sources */,
				ADA7408C1AEA1F0700966518 /* FileXML.swift in Sources */,
			);
			runOnlyForDeploymentPostprocessing = 0;
		};
/* End PBXSourcesBuildPhase section */

/* Begin PBXTargetDependency section */
		ADA2795C1AE7CC01005D8F88 /* PBXTargetDependency */ = {
			isa = PBXTargetDependency;
			target = ADA279471AE7CC01005D8F88 /* KeyExtractor */;
			targetProxy = ADA2795B1AE7CC01005D8F88 /* PBXContainerItemProxy */;
		};
/* End PBXTargetDependency section */

/* Begin PBXVariantGroup section */
		ADA279531AE7CC01005D8F88 /* Main.storyboard */ = {
			isa = PBXVariantGroup;
			children = (
				ADA279541AE7CC01005D8F88 /* Base */,
			);
			name = Main.storyboard;
			path = ..;
			sourceTree = "<group>";
		};
/* End PBXVariantGroup section */

/* Begin XCBuildConfiguration section */
		ADA279621AE7CC01005D8F88 /* Debug */ = {
			isa = XCBuildConfiguration;
			buildSettings = {
				ALWAYS_SEARCH_USER_PATHS = NO;
				CLANG_CXX_LANGUAGE_STANDARD = "gnu++0x";
				CLANG_CXX_LIBRARY = "libc++";
				CLANG_ENABLE_MODULES = YES;
				CLANG_ENABLE_OBJC_ARC = YES;
				CLANG_WARN_BOOL_CONVERSION = YES;
				CLANG_WARN_CONSTANT_CONVERSION = YES;
				CLANG_WARN_DIRECT_OBJC_ISA_USAGE = YES_ERROR;
				CLANG_WARN_EMPTY_BODY = YES;
				CLANG_WARN_ENUM_CONVERSION = YES;
				CLANG_WARN_INT_CONVERSION = YES;
				CLANG_WARN_OBJC_ROOT_CLASS = YES_ERROR;
				CLANG_WARN_UNREACHABLE_CODE = YES;
				CLANG_WARN__DUPLICATE_METHOD_MATCH = YES;
				CODE_SIGN_IDENTITY = "-";
				COPY_PHASE_STRIP = NO;
				DEBUG_INFORMATION_FORMAT = dwarf;
				ENABLE_STRICT_OBJC_MSGSEND = YES;
				GCC_C_LANGUAGE_STANDARD = gnu99;
				GCC_DYNAMIC_NO_PIC = NO;
				GCC_NO_COMMON_BLOCKS = YES;
				GCC_OPTIMIZATION_LEVEL = 0;
				GCC_PREPROCESSOR_DEFINITIONS = (
					"DEBUG=1",
					"$(inherited)",
				);
				GCC_SYMBOLS_PRIVATE_EXTERN = NO;
				GCC_WARN_64_TO_32_BIT_CONVERSION = YES;
				GCC_WARN_ABOUT_RETURN_TYPE = YES_ERROR;
				GCC_WARN_UNDECLARED_SELECTOR = YES;
				GCC_WARN_UNINITIALIZED_AUTOS = YES_AGGRESSIVE;
				GCC_WARN_UNUSED_FUNCTION = YES;
				GCC_WARN_UNUSED_VARIABLE = YES;
				MACOSX_DEPLOYMENT_TARGET = 10.10;
				MTL_ENABLE_DEBUG_INFO = YES;
				ONLY_ACTIVE_ARCH = YES;
				SDKROOT = macosx;
				SWIFT_OPTIMIZATION_LEVEL = "-Onone";
			};
			name = Debug;
		};
		ADA279631AE7CC01005D8F88 /* Release */ = {
			isa = XCBuildConfiguration;
			buildSettings = {
				ALWAYS_SEARCH_USER_PATHS = NO;
				CLANG_CXX_LANGUAGE_STANDARD = "gnu++0x";
				CLANG_CXX_LIBRARY = "libc++";
				CLANG_ENABLE_MODULES = YES;
				CLANG_ENABLE_OBJC_ARC = YES;
				CLANG_WARN_BOOL_CONVERSION = YES;
				CLANG_WARN_CONSTANT_CONVERSION = YES;
				CLANG_WARN_DIRECT_OBJC_ISA_USAGE = YES_ERROR;
				CLANG_WARN_EMPTY_BODY = YES;
				CLANG_WARN_ENUM_CONVERSION = YES;
				CLANG_WARN_INT_CONVERSION = YES;
				CLANG_WARN_OBJC_ROOT_CLASS = YES_ERROR;
				CLANG_WARN_UNREACHABLE_CODE = YES;
				CLANG_WARN__DUPLICATE_METHOD_MATCH = YES;
				CODE_SIGN_IDENTITY = "-";
				COPY_PHASE_STRIP = NO;
				DEBUG_INFORMATION_FORMAT = "dwarf-with-dsym";
				ENABLE_NS_ASSERTIONS = NO;
				ENABLE_STRICT_OBJC_MSGSEND = YES;
				GCC_C_LANGUAGE_STANDARD = gnu99;
				GCC_NO_COMMON_BLOCKS = YES;
				GCC_WARN_64_TO_32_BIT_CONVERSION = YES;
				GCC_WARN_ABOUT_RETURN_TYPE = YES_ERROR;
				GCC_WARN_UNDECLARED_SELECTOR = YES;
				GCC_WARN_UNINITIALIZED_AUTOS = YES_AGGRESSIVE;
				GCC_WARN_UNUSED_FUNCTION = YES;
				GCC_WARN_UNUSED_VARIABLE = YES;
				MACOSX_DEPLOYMENT_TARGET = 10.10;
				MTL_ENABLE_DEBUG_INFO = NO;
				SDKROOT = macosx;
			};
			name = Release;
		};
		ADA279651AE7CC01005D8F88 /* Debug */ = {
			isa = XCBuildConfiguration;
			buildSettings = {
				ASSETCATALOG_COMPILER_APPICON_NAME = AppIcon;
				COMBINE_HIDPI_IMAGES = YES;
				INFOPLIST_FILE = KeyExtractor/Info.plist;
				LD_RUNPATH_SEARCH_PATHS = "$(inherited) @executable_path/../Frameworks";
				PRODUCT_NAME = "$(TARGET_NAME)";
			};
			name = Debug;
		};
		ADA279661AE7CC01005D8F88 /* Release */ = {
			isa = XCBuildConfiguration;
			buildSettings = {
				ASSETCATALOG_COMPILER_APPICON_NAME = AppIcon;
				COMBINE_HIDPI_IMAGES = YES;
				INFOPLIST_FILE = KeyExtractor/Info.plist;
				LD_RUNPATH_SEARCH_PATHS = "$(inherited) @executable_path/../Frameworks";
				PRODUCT_NAME = "$(TARGET_NAME)";
			};
			name = Release;
		};
		ADA279681AE7CC01005D8F88 /* Debug */ = {
			isa = XCBuildConfiguration;
			buildSettings = {
				BUNDLE_LOADER = "$(TEST_HOST)";
				COMBINE_HIDPI_IMAGES = YES;
				FRAMEWORK_SEARCH_PATHS = (
					"$(DEVELOPER_FRAMEWORKS_DIR)",
					"$(inherited)",
				);
				GCC_PREPROCESSOR_DEFINITIONS = (
					"DEBUG=1",
					"$(inherited)",
				);
				INFOPLIST_FILE = KeyExtractorTests/Info.plist;
				LD_RUNPATH_SEARCH_PATHS = "$(inherited) @executable_path/../Frameworks @loader_path/../Frameworks";
				PRODUCT_NAME = "$(TARGET_NAME)";
				TEST_HOST = "$(BUILT_PRODUCTS_DIR)/KeyExtractor.app/Contents/MacOS/KeyExtractor";
			};
			name = Debug;
		};
		ADA279691AE7CC01005D8F88 /* Release */ = {
			isa = XCBuildConfiguration;
			buildSettings = {
				BUNDLE_LOADER = "$(TEST_HOST)";
				COMBINE_HIDPI_IMAGES = YES;
				FRAMEWORK_SEARCH_PATHS = (
					"$(DEVELOPER_FRAMEWORKS_DIR)",
					"$(inherited)",
				);
				INFOPLIST_FILE = KeyExtractorTests/Info.plist;
				LD_RUNPATH_SEARCH_PATHS = "$(inherited) @executable_path/../Frameworks @loader_path/../Frameworks";
				PRODUCT_NAME = "$(TARGET_NAME)";
				TEST_HOST = "$(BUILT_PRODUCTS_DIR)/KeyExtractor.app/Contents/MacOS/KeyExtractor";
			};
			name = Release;
		};
/* End XCBuildConfiguration section */

/* Begin XCConfigurationList section */
		ADA279431AE7CC01005D8F88 /* Build configuration list for PBXProject "KeyExtractor" */ = {
			isa = XCConfigurationList;
			buildConfigurations = (
				ADA279621AE7CC01005D8F88 /* Debug */,
				ADA279631AE7CC01005D8F88 /* Release */,
			);
			defaultConfigurationIsVisible = 0;
			defaultConfigurationName = Release;
		};
		ADA279641AE7CC01005D8F88 /* Build configuration list for PBXNativeTarget "KeyExtractor" */ = {
			isa = XCConfigurationList;
			buildConfigurations = (
				ADA279651AE7CC01005D8F88 /* Debug */,
				ADA279661AE7CC01005D8F88 /* Release */,
			);
			defaultConfigurationIsVisible = 0;
			defaultConfigurationName = Release;
		};
		ADA279671AE7CC01005D8F88 /* Build configuration list for PBXNativeTarget "KeyExtractorTests" */ = {
			isa = XCConfigurationList;
			buildConfigurations = (
				ADA279681AE7CC01005D8F88 /* Debug */,
				ADA279691AE7CC01005D8F88 /* Release */,
			);
			defaultConfigurationIsVisible = 0;
			defaultConfigurationName = Release;
		};
/* End XCConfigurationList section */
	};
	rootObject = ADA279401AE7CC01005D8F88 /* Project object */;
}
