// !$*UTF8*$!
{
	archiveVersion = 1;
	classes = {
	};
	objectVersion = 46;
	objects = {

/* Begin PBXBuildFile section */
		6FEADBFE1AE9191500469EEC /* File.swift in Sources */ = {isa = PBXBuildFile; fileRef = 6FEADBFD1AE9191500469EEC /* File.swift */; };
		6FEADBFF1AE9191500469EEC /* File.swift in Sources */ = {isa = PBXBuildFile; fileRef = 6FEADBFD1AE9191500469EEC /* File.swift */; };
		6FEADC011AE9194700469EEC /* FileImporter.swift in Sources */ = {isa = PBXBuildFile; fileRef = 6FEADC001AE9194700469EEC /* FileImporter.swift */; };
		6FEADC021AE9194700469EEC /* FileImporter.swift in Sources */ = {isa = PBXBuildFile; fileRef = 6FEADC001AE9194700469EEC /* FileImporter.swift */; };
		6FEADC041AE919CD00469EEC /* Software.swift in Sources */ = {isa = PBXBuildFile; fileRef = 6FEADC031AE919CD00469EEC /* Software.swift */; };
		6FEADC051AE919CD00469EEC /* Software.swift in Sources */ = {isa = PBXBuildFile; fileRef = 6FEADC031AE919CD00469EEC /* Software.swift */; };
		6FEADC081AE91CAD00469EEC /* FileManager.swift in Sources */ = {isa = PBXBuildFile; fileRef = 6FEADC071AE91CAD00469EEC /* FileManager.swift */; };
		6FEADC091AE91CAD00469EEC /* FileManager.swift in Sources */ = {isa = PBXBuildFile; fileRef = 6FEADC071AE91CAD00469EEC /* FileManager.swift */; };
		6FEADC0B1AE91D0400469EEC /* Logger.swift in Sources */ = {isa = PBXBuildFile; fileRef = 6FEADC0A1AE91D0400469EEC /* Logger.swift */; };
		6FEADC0C1AE91D0400469EEC /* Logger.swift in Sources */ = {isa = PBXBuildFile; fileRef = 6FEADC0A1AE91D0400469EEC /* Logger.swift */; };
		6FEADC111AE91DA700469EEC /* SoftwareKey.swift in Sources */ = {isa = PBXBuildFile; fileRef = 6FEADC101AE91DA700469EEC /* SoftwareKey.swift */; };
		6FEADC121AE91DA700469EEC /* SoftwareKey.swift in Sources */ = {isa = PBXBuildFile; fileRef = 6FEADC101AE91DA700469EEC /* SoftwareKey.swift */; };
		6FEADC141AE91DE700469EEC /* Launcher.swift in Sources */ = {isa = PBXBuildFile; fileRef = 6FEADC131AE91DE700469EEC /* Launcher.swift */; };
		6FEADC151AE91DE700469EEC /* Launcher.swift in Sources */ = {isa = PBXBuildFile; fileRef = 6FEADC131AE91DE700469EEC /* Launcher.swift */; };
		ADA2794E1AE7CC01005D8F88 /* AppDelegate.swift in Sources */ = {isa = PBXBuildFile; fileRef = ADA2794D1AE7CC01005D8F88 /* AppDelegate.swift */; };
		ADA279501AE7CC01005D8F88 /* ViewController.swift in Sources */ = {isa = PBXBuildFile; fileRef = ADA2794F1AE7CC01005D8F88 /* ViewController.swift */; };
		ADA279521AE7CC01005D8F88 /* Images.xcassets in Resources */ = {isa = PBXBuildFile; fileRef = ADA279511AE7CC01005D8F88 /* Images.xcassets */; };
		ADA279551AE7CC01005D8F88 /* Main.storyboard in Resources */ = {isa = PBXBuildFile; fileRef = ADA279531AE7CC01005D8F88 /* Main.storyboard */; };
		ADA279611AE7CC01005D8F88 /* KeyExtractorTests.swift in Sources */ = {isa = PBXBuildFile; fileRef = ADA279601AE7CC01005D8F88 /* KeyExtractorTests.swift */; };
/* End PBXBuildFile section */

/* Begin PBXContainerItemProxy section */
		ADA2795B1AE7CC01005D8F88 /* PBXContainerItemProxy */ = {
			isa = PBXContainerItemProxy;
			containerPortal = ADA279401AE7CC01005D8F88 /* Project object */;
			proxyType = 1;
			remoteGlobalIDString = ADA279471AE7CC01005D8F88;
			remoteInfo = KeyExtractor;
		};
/* End PBXContainerItemProxy section */

/* Begin PBXFileReference section */
		6FEADBFD1AE9191500469EEC /* File.swift */ = {isa = PBXFileReference; fileEncoding = 4; lastKnownFileType = sourcecode.swift; path = File.swift; sourceTree = "<group>"; };
		6FEADC001AE9194700469EEC /* FileImporter.swift */ = {isa = PBXFileReference; fileEncoding = 4; lastKnownFileType = sourcecode.swift; path = FileImporter.swift; sourceTree = "<group>"; };
		6FEADC031AE919CD00469EEC /* Software.swift */ = {isa = PBXFileReference; fileEncoding = 4; lastKnownFileType = sourcecode.swift; path = Software.swift; sourceTree = "<group>"; };
		6FEADC071AE91CAD00469EEC /* FileManager.swift */ = {isa = PBXFileReference; fileEncoding = 4; lastKnownFileType = sourcecode.swift; path = FileManager.swift; sourceTree = "<group>"; };
		6FEADC0A1AE91D0400469EEC /* Logger.swift */ = {isa = PBXFileReference; fileEncoding = 4; lastKnownFileType = sourcecode.swift; path = Logger.swift; sourceTree = "<group>"; };
		6FEADC101AE91DA700469EEC /* SoftwareKey.swift */ = {isa = PBXFileReference; fileEncoding = 4; lastKnownFileType = sourcecode.swift; path = SoftwareKey.swift; sourceTree = "<group>"; };
		6FEADC131AE91DE700469EEC /* Launcher.swift */ = {isa = PBXFileReference; fileEncoding = 4; lastKnownFileType = sourcecode.swift; path = Launcher.swift; sourceTree = "<group>"; };
		ADA279481AE7CC01005D8F88 /* KeyExtractor.app */ = {isa = PBXFileReference; explicitFileType = wrapper.application; includeInIndex = 0; path = KeyExtractor.app; sourceTree = BUILT_PRODUCTS_DIR; };
		ADA2794C1AE7CC01005D8F88 /* Info.plist */ = {isa = PBXFileReference; lastKnownFileType = text.plist.xml; path = Info.plist; sourceTree = "<group>"; };
		ADA2794D1AE7CC01005D8F88 /* AppDelegate.swift */ = {isa = PBXFileReference; lastKnownFileType = sourcecode.swift; path = AppDelegate.swift; sourceTree = "<group>"; };
		ADA2794F1AE7CC01005D8F88 /* ViewController.swift */ = {isa = PBXFileReference; lastKnownFileType = sourcecode.swift; path = ViewController.swift; sourceTree = "<group>"; };
		ADA279511AE7CC01005D8F88 /* Images.xcassets */ = {isa = PBXFileReference; lastKnownFileType = folder.assetcatalog; path = Images.xcassets; sourceTree = "<group>"; };
		ADA279541AE7CC01005D8F88 /* Base */ = {isa = PBXFileReference; lastKnownFileType = file.storyboard; name = Base; path = Base.lproj/Main.storyboard; sourceTree = "<group>"; };
		ADA2795A1AE7CC01005D8F88 /* KeyExtractorTests.xctest */ = {isa = PBXFileReference; explicitFileType = wrapper.cfbundle; includeInIndex = 0; path = KeyExtractorTests.xctest; sourceTree = BUILT_PRODUCTS_DIR; };
		ADA2795F1AE7CC01005D8F88 /* Info.plist */ = {isa = PBXFileReference; lastKnownFileType = text.plist.xml; path = Info.plist; sourceTree = "<group>"; };
		ADA279601AE7CC01005D8F88 /* KeyExtractorTests.swift */ = {isa = PBXFileReference; lastKnownFileType = sourcecode.swift; path = KeyExtractorTests.swift; sourceTree = "<group>"; };
/* End PBXFileReference section */

/* Begin PBXFrameworksBuildPhase section */
		ADA279451AE7CC01005D8F88 /* Frameworks */ = {
			isa = PBXFrameworksBuildPhase;
			buildActionMask = 2147483647;
			files = (
			);
			runOnlyForDeploymentPostprocessing = 0;
		};
		ADA279571AE7CC01005D8F88 /* Frameworks */ = {
			isa = PBXFrameworksBuildPhase;
			buildActionMask = 2147483647;
			files = (
			);
			runOnlyForDeploymentPostprocessing = 0;
		};
/* End PBXFrameworksBuildPhase section */

/* Begin PBXGroup section */
		6FEADBF61AE9184700469EEC /* DataClasses */ = {
			isa = PBXGroup;
			children = (
				6FEADBFD1AE9191500469EEC /* File.swift */,
				6FEADC031AE919CD00469EEC /* Software.swift */,
				6FEADC101AE91DA700469EEC /* SoftwareKey.swift */,
			);
			name = DataClasses;
			sourceTree = "<group>";
		};
		6FEADBF81AE9187000469EEC /* TechnicalClasses */ = {
			isa = PBXGroup;
			children = (
				6FEADC071AE91CAD00469EEC /* FileManager.swift */,
			);
			name = TechnicalClasses;
			sourceTree = "<group>";
		};
		6FEADBF91AE9187C00469EEC /* BusinessLogic */ = {
			isa = PBXGroup;
			children = (
				6FEADBF61AE9184700469EEC /* DataClasses */,
				6FEADBF81AE9187000469EEC /* TechnicalClasses */,
			);
			name = BusinessLogic;
			sourceTree = "<group>";
		};
		6FEADBFA1AE9189200469EEC /* Communication */ = {
			isa = PBXGroup;
			children = (
				6FEADC001AE9194700469EEC /* FileImporter.swift */,
				6FEADC0A1AE91D0400469EEC /* Logger.swift */,
			);
			name = Communication;
			sourceTree = "<group>";
		};
		6FEADBFC1AE918C900469EEC /* UserInterface */ = {
			isa = PBXGroup;
			children = (
				ADA2794F1AE7CC01005D8F88 /* ViewController.swift */,
				ADA279531AE7CC01005D8F88 /* Main.storyboard */,
			);
			name = UserInterface;
			sourceTree = "<group>";
		};
		6FEADC191AE9226000469EEC /* Configuration */ = {
			isa = PBXGroup;
			children = (
			);
			name = Configuration;
			sourceTree = "<group>";
		};
		ADA2793F1AE7CC01005D8F88 = {
			isa = PBXGroup;
			children = (
				ADA2794A1AE7CC01005D8F88 /* KeyExtractor */,
				ADA2795D1AE7CC01005D8F88 /* KeyExtractorTests */,
				ADA279491AE7CC01005D8F88 /* Products */,
			);
			sourceTree = "<group>";
		};
		ADA279491AE7CC01005D8F88 /* Products */ = {
			isa = PBXGroup;
			children = (
				ADA279481AE7CC01005D8F88 /* KeyExtractor.app */,
				ADA2795A1AE7CC01005D8F88 /* KeyExtractorTests.xctest */,
			);
			name = Products;
			sourceTree = "<group>";
		};
		ADA2794A1AE7CC01005D8F88 /* KeyExtractor */ = {
			isa = PBXGroup;
			children = (
				6FEADC191AE9226000469EEC /* Configuration */,
				6FEADBFA1AE9189200469EEC /* Communication */,
				6FEADBF91AE9187C00469EEC /* BusinessLogic */,
				6FEADBFC1AE918C900469EEC /* UserInterface */,
				ADA2794D1AE7CC01005D8F88 /* AppDelegate.swift */,
				6FEADC131AE91DE700469EEC /* Launcher.swift */,
				ADA279511AE7CC01005D8F88 /* Images.xcassets */,
				ADA2794B1AE7CC01005D8F88 /* Supporting Files */,
			);
			path = KeyExtractor;
			sourceTree = "<group>";
		};
		ADA2794B1AE7CC01005D8F88 /* Supporting Files */ = {
			isa = PBXGroup;
			children = (
				ADA2794C1AE7CC01005D8F88 /* Info.plist */,
			);
			name = "Supporting Files";
			sourceTree = "<group>";
		};
		ADA2795D1AE7CC01005D8F88 /* KeyExtractorTests */ = {
			isa = PBXGroup;
			children = (
				ADA279601AE7CC01005D8F88 /* KeyExtractorTests.swift */,
				ADA2795E1AE7CC01005D8F88 /* Supporting Files */,
			);
			path = KeyExtractorTests;
			sourceTree = "<group>";
		};
		ADA2795E1AE7CC01005D8F88 /* Supporting Files */ = {
			isa = PBXGroup;
			children = (
				ADA2795F1AE7CC01005D8F88 /* Info.plist */,
			);
			name = "Supporting Files";
			sourceTree = "<group>";
		};
/* End PBXGroup section */

/* Begin PBXNativeTarget section */
		ADA279471AE7CC01005D8F88 /* KeyExtractor */ = {
			isa = PBXNativeTarget;
			buildConfigurationList = ADA279641AE7CC01005D8F88 /* Build configuration list for PBXNativeTarget "KeyExtractor" */;
			buildPhases = (
				ADA279441AE7CC01005D8F88 /* Sources */,
				ADA279451AE7CC01005D8F88 /* Frameworks */,
				ADA279461AE7CC01005D8F88 /* Resources */,
			);
			buildRules = (
			);
			dependencies = (
			);
			name = KeyExtractor;
			productName = KeyExtractor;
			productReference = ADA279481AE7CC01005D8F88 /* KeyExtractor.app */;
			productType = "com.apple.product-type.application";
		};
		ADA279591AE7CC01005D8F88 /* KeyExtractorTests */ = {
			isa = PBXNativeTarget;
			buildConfigurationList = ADA279671AE7CC01005D8F88 /* Build configuration list for PBXNativeTarget "KeyExtractorTests" */;
			buildPhases = (
				ADA279561AE7CC01005D8F88 /* Sources */,
				ADA279571AE7CC01005D8F88 /* Frameworks */,
				ADA279581AE7CC01005D8F88 /* Resources */,
			);
			buildRules = (
			);
			dependencies = (
				ADA2795C1AE7CC01005D8F88 /* PBXTargetDependency */,
			);
			name = KeyExtractorTests;
			productName = KeyExtractorTests;
			productReference = ADA2795A1AE7CC01005D8F88 /* KeyExtractorTests.xctest */;
			productType = "com.apple.product-type.bundle.unit-test";
		};
/* End PBXNativeTarget section */

/* Begin PBXProject section */
		ADA279401AE7CC01005D8F88 /* Project object */ = {
			isa = PBXProject;
			attributes = {
				LastUpgradeCheck = 0630;
				ORGANIZATIONNAME = "polytech-RE";
				TargetAttributes = {
					ADA279471AE7CC01005D8F88 = {
						CreatedOnToolsVersion = 6.3;
					};
					ADA279591AE7CC01005D8F88 = {
						CreatedOnToolsVersion = 6.3;
						TestTargetID = ADA279471AE7CC01005D8F88;
					};
				};
			};
			buildConfigurationList = ADA279431AE7CC01005D8F88 /* Build configuration list for PBXProject "KeyExtractor" */;
			compatibilityVersion = "Xcode 3.2";
			developmentRegion = English;
			hasScannedForEncodings = 0;
			knownRegions = (
				en,
				Base,
			);
			mainGroup = ADA2793F1AE7CC01005D8F88;
			productRefGroup = ADA279491AE7CC01005D8F88 /* Products */;
			projectDirPath = "";
			projectRoot = "";
			targets = (
				ADA279471AE7CC01005D8F88 /* KeyExtractor */,
				ADA279591AE7CC01005D8F88 /* KeyExtractorTests */,
			);
		};
/* End PBXProject section */

/* Begin PBXResourcesBuildPhase section */
		ADA279461AE7CC01005D8F88 /* Resources */ = {
			isa = PBXResourcesBuildPhase;
			buildActionMask = 2147483647;
			files = (
				ADA279521AE7CC01005D8F88 /* Images.xcassets in Resources */,
				ADA279551AE7CC01005D8F88 /* Main.storyboard in Resources */,
			);
			runOnlyForDeploymentPostprocessing = 0;
		};
		ADA279581AE7CC01005D8F88 /* Resources */ = {
			isa = PBXResourcesBuildPhase;
			buildActionMask = 2147483647;
			files = (
			);
			runOnlyForDeploymentPostprocessing = 0;
		};
/* End PBXResourcesBuildPhase section */

/* Begin PBXSourcesBuildPhase section */
		ADA279441AE7CC01005D8F88 /* Sources */ = {
			isa = PBXSourcesBuildPhase;
			buildActionMask = 2147483647;
			files = (
				ADA279501AE7CC01005D8F88 /* ViewController.swift in Sources */,
				6FEADC111AE91DA700469EEC /* SoftwareKey.swift in Sources */,
				6FEADC041AE919CD00469EEC /* Software.swift in Sources */,
				6FEADBFE1AE9191500469EEC /* File.swift in Sources */,
				6FEADC081AE91CAD00469EEC /* FileManager.swift in Sources */,
				6FEADC0B1AE91D0400469EEC /* Logger.swift in Sources */,
				ADA2794E1AE7CC01005D8F88 /* AppDelegate.swift in Sources */,
				6FEADC141AE91DE700469EEC /* Launcher.swift in Sources */,
				6FEADC011AE9194700469EEC /* FileImporter.swift in Sources */,
			);
			runOnlyForDeploymentPostprocessing = 0;
		};
		ADA279561AE7CC01005D8F88 /* Sources */ = {
			isa = PBXSourcesBuildPhase;
			buildActionMask = 2147483647;
			files = (
				6FEADC121AE91DA700469EEC /* SoftwareKey.swift in Sources */,
				6FEADC151AE91DE700469EEC /* Launcher.swift in Sources */,
				6FEADC091AE91CAD00469EEC /* FileManager.swift in Sources */,
				6FEADC0C1AE91D0400469EEC /* Logger.swift in Sources */,
				6FEADC051AE919CD00469EEC /* Software.swift in Sources */,
				6FEADC021AE9194700469EEC /* FileImporter.swift in Sources */,
				ADA279611AE7CC01005D8F88 /* KeyExtractorTests.swift in Sources */,
				6FEADBFF1AE9191500469EEC /* File.swift in Sources */,
			);
			runOnlyForDeploymentPostprocessing = 0;
		};
/* End PBXSourcesBuildPhase section */

/* Begin PBXTargetDependency section */
		ADA2795C1AE7CC01005D8F88 /* PBXTargetDependency */ = {
			isa = PBXTargetDependency;
			target = ADA279471AE7CC01005D8F88 /* KeyExtractor */;
			targetProxy = ADA2795B1AE7CC01005D8F88 /* PBXContainerItemProxy */;
		};
/* End PBXTargetDependency section */

/* Begin PBXVariantGroup section */
		ADA279531AE7CC01005D8F88 /* Main.storyboard */ = {
			isa = PBXVariantGroup;
			children = (
				ADA279541AE7CC01005D8F88 /* Base */,
			);
			name = Main.storyboard;
			sourceTree = "<group>";
		};
/* End PBXVariantGroup section */

/* Begin XCBuildConfiguration section */
		ADA279621AE7CC01005D8F88 /* Debug */ = {
			isa = XCBuildConfiguration;
			buildSettings = {
				ALWAYS_SEARCH_USER_PATHS = NO;
				CLANG_CXX_LANGUAGE_STANDARD = "gnu++0x";
				CLANG_CXX_LIBRARY = "libc++";
				CLANG_ENABLE_MODULES = YES;
				CLANG_ENABLE_OBJC_ARC = YES;
				CLANG_WARN_BOOL_CONVERSION = YES;
				CLANG_WARN_CONSTANT_CONVERSION = YES;
				CLANG_WARN_DIRECT_OBJC_ISA_USAGE = YES_ERROR;
				CLANG_WARN_EMPTY_BODY = YES;
				CLANG_WARN_ENUM_CONVERSION = YES;
				CLANG_WARN_INT_CONVERSION = YES;
				CLANG_WARN_OBJC_ROOT_CLASS = YES_ERROR;
				CLANG_WARN_UNREACHABLE_CODE = YES;
				CLANG_WARN__DUPLICATE_METHOD_MATCH = YES;
				CODE_SIGN_IDENTITY = "-";
				COPY_PHASE_STRIP = NO;
				DEBUG_INFORMATION_FORMAT = dwarf;
				ENABLE_STRICT_OBJC_MSGSEND = YES;
				GCC_C_LANGUAGE_STANDARD = gnu99;
				GCC_DYNAMIC_NO_PIC = NO;
				GCC_NO_COMMON_BLOCKS = YES;
				GCC_OPTIMIZATION_LEVEL = 0;
				GCC_PREPROCESSOR_DEFINITIONS = (
					"DEBUG=1",
					"$(inherited)",
				);
				GCC_SYMBOLS_PRIVATE_EXTERN = NO;
				GCC_WARN_64_TO_32_BIT_CONVERSION = YES;
				GCC_WARN_ABOUT_RETURN_TYPE = YES_ERROR;
				GCC_WARN_UNDECLARED_SELECTOR = YES;
				GCC_WARN_UNINITIALIZED_AUTOS = YES_AGGRESSIVE;
				GCC_WARN_UNUSED_FUNCTION = YES;
				GCC_WARN_UNUSED_VARIABLE = YES;
				MACOSX_DEPLOYMENT_TARGET = 10.10;
				MTL_ENABLE_DEBUG_INFO = YES;
				ONLY_ACTIVE_ARCH = YES;
				SDKROOT = macosx;
				SWIFT_OPTIMIZATION_LEVEL = "-Onone";
			};
			name = Debug;
		};
		ADA279631AE7CC01005D8F88 /* Release */ = {
			isa = XCBuildConfiguration;
			buildSettings = {
				ALWAYS_SEARCH_USER_PATHS = NO;
				CLANG_CXX_LANGUAGE_STANDARD = "gnu++0x";
				CLANG_CXX_LIBRARY = "libc++";
				CLANG_ENABLE_MODULES = YES;
				CLANG_ENABLE_OBJC_ARC = YES;
				CLANG_WARN_BOOL_CONVERSION = YES;
				CLANG_WARN_CONSTANT_CONVERSION = YES;
				CLANG_WARN_DIRECT_OBJC_ISA_USAGE = YES_ERROR;
				CLANG_WARN_EMPTY_BODY = YES;
				CLANG_WARN_ENUM_CONVERSION = YES;
				CLANG_WARN_INT_CONVERSION = YES;
				CLANG_WARN_OBJC_ROOT_CLASS = YES_ERROR;
				CLANG_WARN_UNREACHABLE_CODE = YES;
				CLANG_WARN__DUPLICATE_METHOD_MATCH = YES;
				CODE_SIGN_IDENTITY = "-";
				COPY_PHASE_STRIP = NO;
				DEBUG_INFORMATION_FORMAT = "dwarf-with-dsym";
				ENABLE_NS_ASSERTIONS = NO;
				ENABLE_STRICT_OBJC_MSGSEND = YES;
				GCC_C_LANGUAGE_STANDARD = gnu99;
				GCC_NO_COMMON_BLOCKS = YES;
				GCC_WARN_64_TO_32_BIT_CONVERSION = YES;
				GCC_WARN_ABOUT_RETURN_TYPE = YES_ERROR;
				GCC_WARN_UNDECLARED_SELECTOR = YES;
				GCC_WARN_UNINITIALIZED_AUTOS = YES_AGGRESSIVE;
				GCC_WARN_UNUSED_FUNCTION = YES;
				GCC_WARN_UNUSED_VARIABLE = YES;
				MACOSX_DEPLOYMENT_TARGET = 10.10;
				MTL_ENABLE_DEBUG_INFO = NO;
				SDKROOT = macosx;
			};
			name = Release;
		};
		ADA279651AE7CC01005D8F88 /* Debug */ = {
			isa = XCBuildConfiguration;
			buildSettings = {
				ASSETCATALOG_COMPILER_APPICON_NAME = AppIcon;
				COMBINE_HIDPI_IMAGES = YES;
				INFOPLIST_FILE = KeyExtractor/Info.plist;
				LD_RUNPATH_SEARCH_PATHS = "$(inherited) @executable_path/../Frameworks";
				PRODUCT_NAME = "$(TARGET_NAME)";
			};
			name = Debug;
		};
		ADA279661AE7CC01005D8F88 /* Release */ = {
			isa = XCBuildConfiguration;
			buildSettings = {
				ASSETCATALOG_COMPILER_APPICON_NAME = AppIcon;
				COMBINE_HIDPI_IMAGES = YES;
				INFOPLIST_FILE = KeyExtractor/Info.plist;
				LD_RUNPATH_SEARCH_PATHS = "$(inherited) @executable_path/../Frameworks";
				PRODUCT_NAME = "$(TARGET_NAME)";
			};
			name = Release;
		};
		ADA279681AE7CC01005D8F88 /* Debug */ = {
			isa = XCBuildConfiguration;
			buildSettings = {
				BUNDLE_LOADER = "$(TEST_HOST)";
				COMBINE_HIDPI_IMAGES = YES;
				FRAMEWORK_SEARCH_PATHS = (
					"$(DEVELOPER_FRAMEWORKS_DIR)",
					"$(inherited)",
				);
				GCC_PREPROCESSOR_DEFINITIONS = (
					"DEBUG=1",
					"$(inherited)",
				);
				INFOPLIST_FILE = KeyExtractorTests/Info.plist;
				LD_RUNPATH_SEARCH_PATHS = "$(inherited) @executable_path/../Frameworks @loader_path/../Frameworks";
				PRODUCT_NAME = "$(TARGET_NAME)";
				TEST_HOST = "$(BUILT_PRODUCTS_DIR)/KeyExtractor.app/Contents/MacOS/KeyExtractor";
			};
			name = Debug;
		};
		ADA279691AE7CC01005D8F88 /* Release */ = {
			isa = XCBuildConfiguration;
			buildSettings = {
				BUNDLE_LOADER = "$(TEST_HOST)";
				COMBINE_HIDPI_IMAGES = YES;
				FRAMEWORK_SEARCH_PATHS = (
					"$(DEVELOPER_FRAMEWORKS_DIR)",
					"$(inherited)",
				);
				INFOPLIST_FILE = KeyExtractorTests/Info.plist;
				LD_RUNPATH_SEARCH_PATHS = "$(inherited) @executable_path/../Frameworks @loader_path/../Frameworks";
				PRODUCT_NAME = "$(TARGET_NAME)";
				TEST_HOST = "$(BUILT_PRODUCTS_DIR)/KeyExtractor.app/Contents/MacOS/KeyExtractor";
			};
			name = Release;
		};
/* End XCBuildConfiguration section */

/* Begin XCConfigurationList section */
		ADA279431AE7CC01005D8F88 /* Build configuration list for PBXProject "KeyExtractor" */ = {
			isa = XCConfigurationList;
			buildConfigurations = (
				ADA279621AE7CC01005D8F88 /* Debug */,
				ADA279631AE7CC01005D8F88 /* Release */,
			);
			defaultConfigurationIsVisible = 0;
			defaultConfigurationName = Release;
		};
		ADA279641AE7CC01005D8F88 /* Build configuration list for PBXNativeTarget "KeyExtractor" */ = {
			isa = XCConfigurationList;
			buildConfigurations = (
				ADA279651AE7CC01005D8F88 /* Debug */,
				ADA279661AE7CC01005D8F88 /* Release */,
			);
			defaultConfigurationIsVisible = 0;
			defaultConfigurationName = Release;
		};
		ADA279671AE7CC01005D8F88 /* Build configuration list for PBXNativeTarget "KeyExtractorTests" */ = {
			isa = XCConfigurationList;
			buildConfigurations = (
				ADA279681AE7CC01005D8F88 /* Debug */,
				ADA279691AE7CC01005D8F88 /* Release */,
			);
			defaultConfigurationIsVisible = 0;
			defaultConfigurationName = Release;
		};
/* End XCConfigurationList section */
	};
	rootObject = ADA279401AE7CC01005D8F88 /* Project object */;
}
